// !$*UTF8*$!
{
	archiveVersion = 1;
	classes = {
	};
	objectVersion = 50;
	objects = {

/* Begin PBXBuildFile section */
		088620F715425D531FEB1D2F /* Pods_rpgAltran.framework in Frameworks */ = {isa = PBXBuildFile; fileRef = 5CAA0D119482B455DE82CD19 /* Pods_rpgAltran.framework */; };
		65039CF8207540A900F22087 /* GnomeTableViewCell.swift in Sources */ = {isa = PBXBuildFile; fileRef = 65039CF7207540A900F22087 /* GnomeTableViewCell.swift */; };
		651A158E20A20A5900261D5B /* AdvancedSearchController.swift in Sources */ = {isa = PBXBuildFile; fileRef = 651A158D20A20A5900261D5B /* AdvancedSearchController.swift */; };
		651C6E8B20768838001AF565 /* GnomeDetailController.swift in Sources */ = {isa = PBXBuildFile; fileRef = 651C6E8A20768838001AF565 /* GnomeDetailController.swift */; };
		652DF86D209DE55600D7E315 /* FavouritesUtils.swift in Sources */ = {isa = PBXBuildFile; fileRef = 652DF86C209DE55600D7E315 /* FavouritesUtils.swift */; };
		65318AEA207118EB007144EA /* AppDelegate.swift in Sources */ = {isa = PBXBuildFile; fileRef = 65318AE9207118EB007144EA /* AppDelegate.swift */; };
		65318AEC207118EB007144EA /* ViewController.swift in Sources */ = {isa = PBXBuildFile; fileRef = 65318AEB207118EB007144EA /* ViewController.swift */; };
		65318AEF207118EB007144EA /* Main.storyboard in Resources */ = {isa = PBXBuildFile; fileRef = 65318AED207118EB007144EA /* Main.storyboard */; };
		65318AF1207118EE007144EA /* Assets.xcassets in Resources */ = {isa = PBXBuildFile; fileRef = 65318AF0207118EE007144EA /* Assets.xcassets */; };
		65318AF4207118EE007144EA /* LaunchScreen.storyboard in Resources */ = {isa = PBXBuildFile; fileRef = 65318AF2207118EE007144EA /* LaunchScreen.storyboard */; };
		65318AFD20714D5B007144EA /* Gnome.swift in Sources */ = {isa = PBXBuildFile; fileRef = 65318AFC20714D5B007144EA /* Gnome.swift */; };
		656586622093967B00E89622 /* GoogleService-Info.plist in Resources */ = {isa = PBXBuildFile; fileRef = 656586612093967B00E89622 /* GoogleService-Info.plist */; };
		6566D76820C4471400D7AF5A /* GnomeCommentsController.swift in Sources */ = {isa = PBXBuildFile; fileRef = 6566D76720C4471400D7AF5A /* GnomeCommentsController.swift */; };
		6566D76A20C4510A00D7AF5A /* GnomeCommentTableViewCell.swift in Sources */ = {isa = PBXBuildFile; fileRef = 6566D76920C4510A00D7AF5A /* GnomeCommentTableViewCell.swift */; };
		657A61CE2073F46F0064A50D /* ViewControllerUtils.swift in Sources */ = {isa = PBXBuildFile; fileRef = 657A61CD2073F46F0064A50D /* ViewControllerUtils.swift */; };
		6583F90D20820FB6008D9300 /* rpgAltran.xcdatamodeld in Sources */ = {isa = PBXBuildFile; fileRef = 6583F90B20820FB5008D9300 /* rpgAltran.xcdatamodeld */; };
		659B204320C1BA5600EAEABD /* Comment.swift in Sources */ = {isa = PBXBuildFile; fileRef = 659B204220C1BA5600EAEABD /* Comment.swift */; };
		65D1DCAD207FD2A40073E9B0 /* FriendsCollectionViewCell.swift in Sources */ = {isa = PBXBuildFile; fileRef = 65D1DCAC207FD2A40073E9B0 /* FriendsCollectionViewCell.swift */; };
/* End PBXBuildFile section */

/* Begin PBXFileReference section */
		5CAA0D119482B455DE82CD19 /* Pods_rpgAltran.framework */ = {isa = PBXFileReference; explicitFileType = wrapper.framework; includeInIndex = 0; path = Pods_rpgAltran.framework; sourceTree = BUILT_PRODUCTS_DIR; };
		65039CF7207540A900F22087 /* GnomeTableViewCell.swift */ = {isa = PBXFileReference; lastKnownFileType = sourcecode.swift; path = GnomeTableViewCell.swift; sourceTree = "<group>"; };
		651A158D20A20A5900261D5B /* AdvancedSearchController.swift */ = {isa = PBXFileReference; lastKnownFileType = sourcecode.swift; path = AdvancedSearchController.swift; sourceTree = "<group>"; };
		651C6E8A20768838001AF565 /* GnomeDetailController.swift */ = {isa = PBXFileReference; lastKnownFileType = sourcecode.swift; path = GnomeDetailController.swift; sourceTree = "<group>"; };
		652DF86C209DE55600D7E315 /* FavouritesUtils.swift */ = {isa = PBXFileReference; lastKnownFileType = sourcecode.swift; path = FavouritesUtils.swift; sourceTree = "<group>"; };
		65318AE6207118EB007144EA /* rpgAltran.app */ = {isa = PBXFileReference; explicitFileType = wrapper.application; includeInIndex = 0; path = rpgAltran.app; sourceTree = BUILT_PRODUCTS_DIR; };
		65318AE9207118EB007144EA /* AppDelegate.swift */ = {isa = PBXFileReference; lastKnownFileType = sourcecode.swift; path = AppDelegate.swift; sourceTree = "<group>"; };
		65318AEB207118EB007144EA /* ViewController.swift */ = {isa = PBXFileReference; lastKnownFileType = sourcecode.swift; path = ViewController.swift; sourceTree = "<group>"; };
		65318AEE207118EB007144EA /* Base */ = {isa = PBXFileReference; lastKnownFileType = file.storyboard; name = Base; path = Base.lproj/Main.storyboard; sourceTree = "<group>"; };
		65318AF0207118EE007144EA /* Assets.xcassets */ = {isa = PBXFileReference; lastKnownFileType = folder.assetcatalog; path = Assets.xcassets; sourceTree = "<group>"; };
		65318AF3207118EE007144EA /* Base */ = {isa = PBXFileReference; lastKnownFileType = file.storyboard; name = Base; path = Base.lproj/LaunchScreen.storyboard; sourceTree = "<group>"; };
		65318AF5207118EE007144EA /* Info.plist */ = {isa = PBXFileReference; lastKnownFileType = text.plist.xml; path = Info.plist; sourceTree = "<group>"; };
		65318AFC20714D5B007144EA /* Gnome.swift */ = {isa = PBXFileReference; lastKnownFileType = sourcecode.swift; path = Gnome.swift; sourceTree = "<group>"; };
		656586612093967B00E89622 /* GoogleService-Info.plist */ = {isa = PBXFileReference; fileEncoding = 4; lastKnownFileType = text.plist.xml; path = "GoogleService-Info.plist"; sourceTree = "<group>"; };
		6566D76720C4471400D7AF5A /* GnomeCommentsController.swift */ = {isa = PBXFileReference; lastKnownFileType = sourcecode.swift; path = GnomeCommentsController.swift; sourceTree = "<group>"; };
		6566D76920C4510A00D7AF5A /* GnomeCommentTableViewCell.swift */ = {isa = PBXFileReference; lastKnownFileType = sourcecode.swift; path = GnomeCommentTableViewCell.swift; sourceTree = "<group>"; };
		657A61CD2073F46F0064A50D /* ViewControllerUtils.swift */ = {isa = PBXFileReference; lastKnownFileType = sourcecode.swift; path = ViewControllerUtils.swift; sourceTree = "<group>"; };
		6583F90C20820FB6008D9300 /* rpgAltran.xcdatamodel */ = {isa = PBXFileReference; lastKnownFileType = wrapper.xcdatamodel; path = rpgAltran.xcdatamodel; sourceTree = "<group>"; };
		659B204220C1BA5600EAEABD /* Comment.swift */ = {isa = PBXFileReference; lastKnownFileType = sourcecode.swift; path = Comment.swift; sourceTree = "<group>"; };
		65D1DCAC207FD2A40073E9B0 /* FriendsCollectionViewCell.swift */ = {isa = PBXFileReference; lastKnownFileType = sourcecode.swift; path = FriendsCollectionViewCell.swift; sourceTree = "<group>"; };
		86CCF262CC2B1E1B71A5754E /* Pods-rpgAltran.release.xcconfig */ = {isa = PBXFileReference; includeInIndex = 1; lastKnownFileType = text.xcconfig; name = "Pods-rpgAltran.release.xcconfig"; path = "Pods/Target Support Files/Pods-rpgAltran/Pods-rpgAltran.release.xcconfig"; sourceTree = "<group>"; };
		C5542E5FDB04C5AD962D5911 /* Pods-rpgAltran.debug.xcconfig */ = {isa = PBXFileReference; includeInIndex = 1; lastKnownFileType = text.xcconfig; name = "Pods-rpgAltran.debug.xcconfig"; path = "Pods/Target Support Files/Pods-rpgAltran/Pods-rpgAltran.debug.xcconfig"; sourceTree = "<group>"; };
/* End PBXFileReference section */

/* Begin PBXFrameworksBuildPhase section */
		65318AE3207118EB007144EA /* Frameworks */ = {
			isa = PBXFrameworksBuildPhase;
			buildActionMask = 2147483647;
			files = (
				088620F715425D531FEB1D2F /* Pods_rpgAltran.framework in Frameworks */,
			);
			runOnlyForDeploymentPostprocessing = 0;
		};
/* End PBXFrameworksBuildPhase section */

/* Begin PBXGroup section */
		27DDF0998CEE8C84FEBC4FEB /* Frameworks */ = {
			isa = PBXGroup;
			children = (
				5CAA0D119482B455DE82CD19 /* Pods_rpgAltran.framework */,
			);
			name = Frameworks;
			sourceTree = "<group>";
		};
		651C6E89207687EB001AF565 /* controller */ = {
			isa = PBXGroup;
			children = (
				65318AEB207118EB007144EA /* ViewController.swift */,
				651A158D20A20A5900261D5B /* AdvancedSearchController.swift */,
				651C6E8A20768838001AF565 /* GnomeDetailController.swift */,
				6566D76720C4471400D7AF5A /* GnomeCommentsController.swift */,
			);
			path = controller;
			sourceTree = "<group>";
		};
		65318ADD207118EB007144EA = {
			isa = PBXGroup;
			children = (
				65318AE8207118EB007144EA /* rpgAltran */,
				65318AE7207118EB007144EA /* Products */,
				A1523C4981542A35DDCC5ACA /* Pods */,
				27DDF0998CEE8C84FEBC4FEB /* Frameworks */,
			);
			sourceTree = "<group>";
		};
		65318AE7207118EB007144EA /* Products */ = {
			isa = PBXGroup;
			children = (
				65318AE6207118EB007144EA /* rpgAltran.app */,
			);
			name = Products;
			sourceTree = "<group>";
		};
		65318AE8207118EB007144EA /* rpgAltran */ = {
			isa = PBXGroup;
			children = (
				651C6E89207687EB001AF565 /* controller */,
				657A61CC2073F4500064A50D /* utils */,
				65318AFB20714D18007144EA /* model */,
				65318AE9207118EB007144EA /* AppDelegate.swift */,
				6583F90B20820FB5008D9300 /* rpgAltran.xcdatamodeld */,
				65318AED207118EB007144EA /* Main.storyboard */,
				65D1DCAC207FD2A40073E9B0 /* FriendsCollectionViewCell.swift */,
				65318AF0207118EE007144EA /* Assets.xcassets */,
				65318AF2207118EE007144EA /* LaunchScreen.storyboard */,
				65318AF5207118EE007144EA /* Info.plist */,
				65039CF7207540A900F22087 /* GnomeTableViewCell.swift */,
				6566D76920C4510A00D7AF5A /* GnomeCommentTableViewCell.swift */,
				656586612093967B00E89622 /* GoogleService-Info.plist */,
			);
			path = rpgAltran;
			sourceTree = "<group>";
		};
		65318AFB20714D18007144EA /* model */ = {
			isa = PBXGroup;
			children = (
				65318AFC20714D5B007144EA /* Gnome.swift */,
				659B204220C1BA5600EAEABD /* Comment.swift */,
			);
			path = model;
			sourceTree = "<group>";
		};
		657A61CC2073F4500064A50D /* utils */ = {
			isa = PBXGroup;
			children = (
				657A61CD2073F46F0064A50D /* ViewControllerUtils.swift */,
				652DF86C209DE55600D7E315 /* FavouritesUtils.swift */,
			);
			path = utils;
			sourceTree = "<group>";
		};
		A1523C4981542A35DDCC5ACA /* Pods */ = {
			isa = PBXGroup;
			children = (
				C5542E5FDB04C5AD962D5911 /* Pods-rpgAltran.debug.xcconfig */,
				86CCF262CC2B1E1B71A5754E /* Pods-rpgAltran.release.xcconfig */,
			);
			name = Pods;
			sourceTree = "<group>";
		};
/* End PBXGroup section */

/* Begin PBXNativeTarget section */
		65318AE5207118EB007144EA /* rpgAltran */ = {
			isa = PBXNativeTarget;
			buildConfigurationList = 65318AF8207118EE007144EA /* Build configuration list for PBXNativeTarget "rpgAltran" */;
			buildPhases = (
				639DDCD057331B5EA2AB2BB7 /* [CP] Check Pods Manifest.lock */,
				65318AE2207118EB007144EA /* Sources */,
				65318AE3207118EB007144EA /* Frameworks */,
				65318AE4207118EB007144EA /* Resources */,
				8D18D09A6946DA92A5638AFD /* [CP] Embed Pods Frameworks */,
			);
			buildRules = (
			);
			dependencies = (
			);
			name = rpgAltran;
			productName = rpgAltran;
			productReference = 65318AE6207118EB007144EA /* rpgAltran.app */;
			productType = "com.apple.product-type.application";
		};
/* End PBXNativeTarget section */

/* Begin PBXProject section */
		65318ADE207118EB007144EA /* Project object */ = {
			isa = PBXProject;
			attributes = {
				LastSwiftUpdateCheck = 0930;
				LastUpgradeCheck = 0930;
				ORGANIZATIONNAME = "Jose Gabriel Ferrer";
				TargetAttributes = {
					65318AE5207118EB007144EA = {
						CreatedOnToolsVersion = 9.3;
					};
				};
			};
			buildConfigurationList = 65318AE1207118EB007144EA /* Build configuration list for PBXProject "rpgAltran" */;
			compatibilityVersion = "Xcode 9.3";
			developmentRegion = en;
			hasScannedForEncodings = 0;
			knownRegions = (
				en,
				Base,
			);
			mainGroup = 65318ADD207118EB007144EA;
			productRefGroup = 65318AE7207118EB007144EA /* Products */;
			projectDirPath = "";
			projectRoot = "";
			targets = (
				65318AE5207118EB007144EA /* rpgAltran */,
			);
		};
/* End PBXProject section */

/* Begin PBXResourcesBuildPhase section */
		65318AE4207118EB007144EA /* Resources */ = {
			isa = PBXResourcesBuildPhase;
			buildActionMask = 2147483647;
			files = (
				65318AF4207118EE007144EA /* LaunchScreen.storyboard in Resources */,
				656586622093967B00E89622 /* GoogleService-Info.plist in Resources */,
				65318AF1207118EE007144EA /* Assets.xcassets in Resources */,
				65318AEF207118EB007144EA /* Main.storyboard in Resources */,
			);
			runOnlyForDeploymentPostprocessing = 0;
		};
/* End PBXResourcesBuildPhase section */

/* Begin PBXShellScriptBuildPhase section */
		639DDCD057331B5EA2AB2BB7 /* [CP] Check Pods Manifest.lock */ = {
			isa = PBXShellScriptBuildPhase;
			buildActionMask = 2147483647;
			files = (
			);
			inputPaths = (
				"${PODS_PODFILE_DIR_PATH}/Podfile.lock",
				"${PODS_ROOT}/Manifest.lock",
			);
			name = "[CP] Check Pods Manifest.lock";
			outputPaths = (
				"$(DERIVED_FILE_DIR)/Pods-rpgAltran-checkManifestLockResult.txt",
			);
			runOnlyForDeploymentPostprocessing = 0;
			shellPath = /bin/sh;
			shellScript = "diff \"${PODS_PODFILE_DIR_PATH}/Podfile.lock\" \"${PODS_ROOT}/Manifest.lock\" > /dev/null\nif [ $? != 0 ] ; then\n    # print error to STDERR\n    echo \"error: The sandbox is not in sync with the Podfile.lock. Run 'pod install' or update your CocoaPods installation.\" >&2\n    exit 1\nfi\n# This output is used by Xcode 'outputs' to avoid re-running this script phase.\necho \"SUCCESS\" > \"${SCRIPT_OUTPUT_FILE_0}\"\n";
			showEnvVarsInLog = 0;
		};
		8D18D09A6946DA92A5638AFD /* [CP] Embed Pods Frameworks */ = {
			isa = PBXShellScriptBuildPhase;
			buildActionMask = 2147483647;
			files = (
			);
			inputPaths = (
				"${SRCROOT}/Pods/Target Support Files/Pods-rpgAltran/Pods-rpgAltran-frameworks.sh",
				"${BUILT_PRODUCTS_DIR}/Kingfisher/Kingfisher.framework",
				"${BUILT_PRODUCTS_DIR}/RNNotificationView/RNNotificationView.framework",
			);
			name = "[CP] Embed Pods Frameworks";
			outputPaths = (
				"${TARGET_BUILD_DIR}/${FRAMEWORKS_FOLDER_PATH}/Kingfisher.framework",
				"${TARGET_BUILD_DIR}/${FRAMEWORKS_FOLDER_PATH}/RNNotificationView.framework",
			);
			runOnlyForDeploymentPostprocessing = 0;
			shellPath = /bin/sh;
			shellScript = "\"${SRCROOT}/Pods/Target Support Files/Pods-rpgAltran/Pods-rpgAltran-frameworks.sh\"\n";
			showEnvVarsInLog = 0;
		};
/* End PBXShellScriptBuildPhase section */

/* Begin PBXSourcesBuildPhase section */
		65318AE2207118EB007144EA /* Sources */ = {
			isa = PBXSourcesBuildPhase;
			buildActionMask = 2147483647;
			files = (
				6566D76820C4471400D7AF5A /* GnomeCommentsController.swift in Sources */,
				652DF86D209DE55600D7E315 /* FavouritesUtils.swift in Sources */,
				651A158E20A20A5900261D5B /* AdvancedSearchController.swift in Sources */,
				65318AFD20714D5B007144EA /* Gnome.swift in Sources */,
				6583F90D20820FB6008D9300 /* rpgAltran.xcdatamodeld in Sources */,
				6566D76A20C4510A00D7AF5A /* GnomeCommentTableViewCell.swift in Sources */,
				651C6E8B20768838001AF565 /* GnomeDetailController.swift in Sources */,
				65D1DCAD207FD2A40073E9B0 /* FriendsCollectionViewCell.swift in Sources */,
				65318AEC207118EB007144EA /* ViewController.swift in Sources */,
				65039CF8207540A900F22087 /* GnomeTableViewCell.swift in Sources */,
				65318AEA207118EB007144EA /* AppDelegate.swift in Sources */,
				659B204320C1BA5600EAEABD /* Comment.swift in Sources */,
				657A61CE2073F46F0064A50D /* ViewControllerUtils.swift in Sources */,
			);
			runOnlyForDeploymentPostprocessing = 0;
		};
/* End PBXSourcesBuildPhase section */

/* Begin PBXVariantGroup section */
		65318AED207118EB007144EA /* Main.storyboard */ = {
			isa = PBXVariantGroup;
			children = (
				65318AEE207118EB007144EA /* Base */,
			);
			name = Main.storyboard;
			sourceTree = "<group>";
		};
		65318AF2207118EE007144EA /* LaunchScreen.storyboard */ = {
			isa = PBXVariantGroup;
			children = (
				65318AF3207118EE007144EA /* Base */,
			);
			name = LaunchScreen.storyboard;
			sourceTree = "<group>";
		};
/* End PBXVariantGroup section */

/* Begin XCBuildConfiguration section */
		65318AF6207118EE007144EA /* Debug */ = {
			isa = XCBuildConfiguration;
			buildSettings = {
				ALWAYS_SEARCH_USER_PATHS = NO;
				CLANG_ANALYZER_NONNULL = YES;
				CLANG_ANALYZER_NUMBER_OBJECT_CONVERSION = YES_AGGRESSIVE;
				CLANG_CXX_LANGUAGE_STANDARD = "gnu++14";
				CLANG_CXX_LIBRARY = "libc++";
				CLANG_ENABLE_MODULES = YES;
				CLANG_ENABLE_OBJC_ARC = YES;
				CLANG_ENABLE_OBJC_WEAK = YES;
				CLANG_WARN_BLOCK_CAPTURE_AUTORELEASING = YES;
				CLANG_WARN_BOOL_CONVERSION = YES;
				CLANG_WARN_COMMA = YES;
				CLANG_WARN_CONSTANT_CONVERSION = YES;
				CLANG_WARN_DEPRECATED_OBJC_IMPLEMENTATIONS = YES;
				CLANG_WARN_DIRECT_OBJC_ISA_USAGE = YES_ERROR;
				CLANG_WARN_DOCUMENTATION_COMMENTS = YES;
				CLANG_WARN_EMPTY_BODY = YES;
				CLANG_WARN_ENUM_CONVERSION = YES;
				CLANG_WARN_INFINITE_RECURSION = YES;
				CLANG_WARN_INT_CONVERSION = YES;
				CLANG_WARN_NON_LITERAL_NULL_CONVERSION = YES;
				CLANG_WARN_OBJC_IMPLICIT_RETAIN_SELF = YES;
				CLANG_WARN_OBJC_LITERAL_CONVERSION = YES;
				CLANG_WARN_OBJC_ROOT_CLASS = YES_ERROR;
				CLANG_WARN_RANGE_LOOP_ANALYSIS = YES;
				CLANG_WARN_STRICT_PROTOTYPES = YES;
				CLANG_WARN_SUSPICIOUS_MOVE = YES;
				CLANG_WARN_UNGUARDED_AVAILABILITY = YES_AGGRESSIVE;
				CLANG_WARN_UNREACHABLE_CODE = YES;
				CLANG_WARN__DUPLICATE_METHOD_MATCH = YES;
				CODE_SIGN_IDENTITY = "iPhone Developer";
				COPY_PHASE_STRIP = NO;
				DEBUG_INFORMATION_FORMAT = dwarf;
				ENABLE_STRICT_OBJC_MSGSEND = YES;
				ENABLE_TESTABILITY = YES;
				GCC_C_LANGUAGE_STANDARD = gnu11;
				GCC_DYNAMIC_NO_PIC = NO;
				GCC_NO_COMMON_BLOCKS = YES;
				GCC_OPTIMIZATION_LEVEL = 0;
				GCC_PREPROCESSOR_DEFINITIONS = (
					"DEBUG=1",
					"$(inherited)",
				);
				GCC_WARN_64_TO_32_BIT_CONVERSION = YES;
				GCC_WARN_ABOUT_RETURN_TYPE = YES_ERROR;
				GCC_WARN_UNDECLARED_SELECTOR = YES;
				GCC_WARN_UNINITIALIZED_AUTOS = YES_AGGRESSIVE;
				GCC_WARN_UNUSED_FUNCTION = YES;
				GCC_WARN_UNUSED_VARIABLE = YES;
				IPHONEOS_DEPLOYMENT_TARGET = 11.3;
				MTL_ENABLE_DEBUG_INFO = YES;
				ONLY_ACTIVE_ARCH = YES;
				SDKROOT = iphoneos;
				SWIFT_ACTIVE_COMPILATION_CONDITIONS = DEBUG;
				SWIFT_OPTIMIZATION_LEVEL = "-Onone";
			};
			name = Debug;
		};
		65318AF7207118EE007144EA /* Release */ = {
			isa = XCBuildConfiguration;
			buildSettings = {
				ALWAYS_SEARCH_USER_PATHS = NO;
				CLANG_ANALYZER_NONNULL = YES;
				CLANG_ANALYZER_NUMBER_OBJECT_CONVERSION = YES_AGGRESSIVE;
				CLANG_CXX_LANGUAGE_STANDARD = "gnu++14";
				CLANG_CXX_LIBRARY = "libc++";
				CLANG_ENABLE_MODULES = YES;
				CLANG_ENABLE_OBJC_ARC = YES;
				CLANG_ENABLE_OBJC_WEAK = YES;
				CLANG_WARN_BLOCK_CAPTURE_AUTORELEASING = YES;
				CLANG_WARN_BOOL_CONVERSION = YES;
				CLANG_WARN_COMMA = YES;
				CLANG_WARN_CONSTANT_CONVERSION = YES;
				CLANG_WARN_DEPRECATED_OBJC_IMPLEMENTATIONS = YES;
				CLANG_WARN_DIRECT_OBJC_ISA_USAGE = YES_ERROR;
				CLANG_WARN_DOCUMENTATION_COMMENTS = YES;
				CLANG_WARN_EMPTY_BODY = YES;
				CLANG_WARN_ENUM_CONVERSION = YES;
				CLANG_WARN_INFINITE_RECURSION = YES;
				CLANG_WARN_INT_CONVERSION = YES;
				CLANG_WARN_NON_LITERAL_NULL_CONVERSION = YES;
				CLANG_WARN_OBJC_IMPLICIT_RETAIN_SELF = YES;
				CLANG_WARN_OBJC_LITERAL_CONVERSION = YES;
				CLANG_WARN_OBJC_ROOT_CLASS = YES_ERROR;
				CLANG_WARN_RANGE_LOOP_ANALYSIS = YES;
				CLANG_WARN_STRICT_PROTOTYPES = YES;
				CLANG_WARN_SUSPICIOUS_MOVE = YES;
				CLANG_WARN_UNGUARDED_AVAILABILITY = YES_AGGRESSIVE;
				CLANG_WARN_UNREACHABLE_CODE = YES;
				CLANG_WARN__DUPLICATE_METHOD_MATCH = YES;
				CODE_SIGN_IDENTITY = "iPhone Developer";
				COPY_PHASE_STRIP = NO;
				DEBUG_INFORMATION_FORMAT = "dwarf-with-dsym";
				ENABLE_NS_ASSERTIONS = NO;
				ENABLE_STRICT_OBJC_MSGSEND = YES;
				GCC_C_LANGUAGE_STANDARD = gnu11;
				GCC_NO_COMMON_BLOCKS = YES;
				GCC_WARN_64_TO_32_BIT_CONVERSION = YES;
				GCC_WARN_ABOUT_RETURN_TYPE = YES_ERROR;
				GCC_WARN_UNDECLARED_SELECTOR = YES;
				GCC_WARN_UNINITIALIZED_AUTOS = YES_AGGRESSIVE;
				GCC_WARN_UNUSED_FUNCTION = YES;
				GCC_WARN_UNUSED_VARIABLE = YES;
				IPHONEOS_DEPLOYMENT_TARGET = 11.3;
				MTL_ENABLE_DEBUG_INFO = NO;
				SDKROOT = iphoneos;
				SWIFT_COMPILATION_MODE = wholemodule;
				SWIFT_OPTIMIZATION_LEVEL = "-O";
				VALIDATE_PRODUCT = YES;
			};
			name = Release;
		};
		65318AF9207118EE007144EA /* Debug */ = {
			isa = XCBuildConfiguration;
			baseConfigurationReference = C5542E5FDB04C5AD962D5911 /* Pods-rpgAltran.debug.xcconfig */;
			buildSettings = {
				ASSETCATALOG_COMPILER_APPICON_NAME = AppIcon;
				CODE_SIGN_STYLE = Automatic;
				DEVELOPMENT_TEAM = 8HUR635N2P;
				INFOPLIST_FILE = rpgAltran/Info.plist;
				IPHONEOS_DEPLOYMENT_TARGET = 10.0;
				LD_RUNPATH_SEARCH_PATHS = "$(inherited) @executable_path/Frameworks";
				PRODUCT_BUNDLE_IDENTIFIER = com.jgferrer.rpgAltran;
				PRODUCT_NAME = "$(TARGET_NAME)";
				SWIFT_VERSION = 4.0;
				TARGETED_DEVICE_FAMILY = 1;
			};
			name = Debug;
		};
		65318AFA207118EE007144EA /* Release */ = {
			isa = XCBuildConfiguration;
			baseConfigurationReference = 86CCF262CC2B1E1B71A5754E /* Pods-rpgAltran.release.xcconfig */;
			buildSettings = {
				ASSETCATALOG_COMPILER_APPICON_NAME = AppIcon;
				CODE_SIGN_STYLE = Automatic;
				DEVELOPMENT_TEAM = 8HUR635N2P;
				INFOPLIST_FILE = rpgAltran/Info.plist;
				IPHONEOS_DEPLOYMENT_TARGET = 10.0;
				LD_RUNPATH_SEARCH_PATHS = "$(inherited) @executable_path/Frameworks";
				PRODUCT_BUNDLE_IDENTIFIER = com.jgferrer.rpgAltran;
				PRODUCT_NAME = "$(TARGET_NAME)";
				SWIFT_VERSION = 4.0;
				TARGETED_DEVICE_FAMILY = 1;
			};
			name = Release;
		};
/* End XCBuildConfiguration section */

/* Begin XCConfigurationList section */
		65318AE1207118EB007144EA /* Build configuration list for PBXProject "rpgAltran" */ = {
			isa = XCConfigurationList;
			buildConfigurations = (
				65318AF6207118EE007144EA /* Debug */,
				65318AF7207118EE007144EA /* Release */,
			);
			defaultConfigurationIsVisible = 0;
			defaultConfigurationName = Release;
		};
		65318AF8207118EE007144EA /* Build configuration list for PBXNativeTarget "rpgAltran" */ = {
			isa = XCConfigurationList;
			buildConfigurations = (
				65318AF9207118EE007144EA /* Debug */,
				65318AFA207118EE007144EA /* Release */,
			);
			defaultConfigurationIsVisible = 0;
			defaultConfigurationName = Release;
		};
/* End XCConfigurationList section */

/* Begin XCVersionGroup section */
		6583F90B20820FB5008D9300 /* rpgAltran.xcdatamodeld */ = {
			isa = XCVersionGroup;
			children = (
				6583F90C20820FB6008D9300 /* rpgAltran.xcdatamodel */,
			);
			currentVersion = 6583F90C20820FB6008D9300 /* rpgAltran.xcdatamodel */;
			path = rpgAltran.xcdatamodeld;
			sourceTree = "<group>";
			versionGroupType = wrapper.xcdatamodel;
		};
/* End XCVersionGroup section */
	};
	rootObject = 65318ADE207118EB007144EA /* Project object */;
}
